// !$*UTF8*$!
{
	archiveVersion = 1;
	classes = {
	};
	objectVersion = 46;
	objects = {

/* Begin PBXBuildFile section */
		7FAADC9215F6E4C3006A3322 /* UIKit.framework in Frameworks */ = {isa = PBXBuildFile; fileRef = 7FAADC9115F6E4C3006A3322 /* UIKit.framework */; };
		7FAADC9415F6E4C3006A3322 /* Foundation.framework in Frameworks */ = {isa = PBXBuildFile; fileRef = 7FAADC9315F6E4C3006A3322 /* Foundation.framework */; };
		7FAADC9615F6E4C3006A3322 /* CoreGraphics.framework in Frameworks */ = {isa = PBXBuildFile; fileRef = 7FAADC9515F6E4C3006A3322 /* CoreGraphics.framework */; };
		7FAADC9C15F6E4C3006A3322 /* InfoPlist.strings in Resources */ = {isa = PBXBuildFile; fileRef = 7FAADC9A15F6E4C3006A3322 /* InfoPlist.strings */; };
		7FAADC9E15F6E4C3006A3322 /* main.m in Sources */ = {isa = PBXBuildFile; fileRef = 7FAADC9D15F6E4C3006A3322 /* main.m */; };
		7FAADCA215F6E4C3006A3322 /* EXPAppDelegate.m in Sources */ = {isa = PBXBuildFile; fileRef = 7FAADCA115F6E4C3006A3322 /* EXPAppDelegate.m */; };
		7FAADCB415F6E5CA006A3322 /* EXPTransformViewController.m in Sources */ = {isa = PBXBuildFile; fileRef = 7FAADCB215F6E5CA006A3322 /* EXPTransformViewController.m */; };
		7FAADCB515F6E5CA006A3322 /* EXPTransformViewController.xib in Resources */ = {isa = PBXBuildFile; fileRef = 7FAADCB315F6E5CA006A3322 /* EXPTransformViewController.xib */; };
/* End PBXBuildFile section */

/* Begin PBXFileReference section */
		7FAADC8D15F6E4C3006A3322 /* Transform.app */ = {isa = PBXFileReference; explicitFileType = wrapper.application; includeInIndex = 0; path = Transform.app; sourceTree = BUILT_PRODUCTS_DIR; };
		7FAADC9115F6E4C3006A3322 /* UIKit.framework */ = {isa = PBXFileReference; lastKnownFileType = wrapper.framework; name = UIKit.framework; path = System/Library/Frameworks/UIKit.framework; sourceTree = SDKROOT; };
		7FAADC9315F6E4C3006A3322 /* Foundation.framework */ = {isa = PBXFileReference; lastKnownFileType = wrapper.framework; name = Foundation.framework; path = System/Library/Frameworks/Foundation.framework; sourceTree = SDKROOT; };
		7FAADC9515F6E4C3006A3322 /* CoreGraphics.framework */ = {isa = PBXFileReference; lastKnownFileType = wrapper.framework; name = CoreGraphics.framework; path = System/Library/Frameworks/CoreGraphics.framework; sourceTree = SDKROOT; };
		7FAADC9915F6E4C3006A3322 /* Transform-Info.plist */ = {isa = PBXFileReference; lastKnownFileType = text.plist.xml; path = "Transform-Info.plist"; sourceTree = "<group>"; };
		7FAADC9B15F6E4C3006A3322 /* en */ = {isa = PBXFileReference; lastKnownFileType = text.plist.strings; name = en; path = en.lproj/InfoPlist.strings; sourceTree = "<group>"; };
		7FAADC9D15F6E4C3006A3322 /* main.m */ = {isa = PBXFileReference; lastKnownFileType = sourcecode.c.objc; path = main.m; sourceTree = "<group>"; };
		7FAADC9F15F6E4C3006A3322 /* Transform-Prefix.pch */ = {isa = PBXFileReference; lastKnownFileType = sourcecode.c.h; path = "Transform-Prefix.pch"; sourceTree = "<group>"; };
		7FAADCA015F6E4C3006A3322 /* EXPAppDelegate.h */ = {isa = PBXFileReference; lastKnownFileType = sourcecode.c.h; path = EXPAppDelegate.h; sourceTree = "<group>"; };
		7FAADCA115F6E4C3006A3322 /* EXPAppDelegate.m */ = {isa = PBXFileReference; lastKnownFileType = sourcecode.c.objc; path = EXPAppDelegate.m; sourceTree = "<group>"; };
		7FAADCB115F6E5CA006A3322 /* EXPTransformViewController.h */ = {isa = PBXFileReference; fileEncoding = 4; lastKnownFileType = sourcecode.c.h; path = EXPTransformViewController.h; sourceTree = "<group>"; };
		7FAADCB215F6E5CA006A3322 /* EXPTransformViewController.m */ = {isa = PBXFileReference; fileEncoding = 4; lastKnownFileType = sourcecode.c.objc; path = EXPTransformViewController.m; sourceTree = "<group>"; };
		7FAADCB315F6E5CA006A3322 /* EXPTransformViewController.xib */ = {isa = PBXFileReference; fileEncoding = 4; lastKnownFileType = file.xib; path = EXPTransformViewController.xib; sourceTree = "<group>"; };
/* End PBXFileReference section */

/* Begin PBXFrameworksBuildPhase section */
		7FAADC8A15F6E4C3006A3322 /* Frameworks */ = {
			isa = PBXFrameworksBuildPhase;
			buildActionMask = 2147483647;
			files = (
				7FAADC9215F6E4C3006A3322 /* UIKit.framework in Frameworks */,
				7FAADC9415F6E4C3006A3322 /* Foundation.framework in Frameworks */,
				7FAADC9615F6E4C3006A3322 /* CoreGraphics.framework in Frameworks */,
			);
			runOnlyForDeploymentPostprocessing = 0;
		};
/* End PBXFrameworksBuildPhase section */

/* Begin PBXGroup section */
		7FAADC8215F6E4C3006A3322 = {
			isa = PBXGroup;
			children = (
				7FAADC9715F6E4C3006A3322 /* Transform */,
				7FAADC9015F6E4C3006A3322 /* Frameworks */,
				7FAADC8E15F6E4C3006A3322 /* Products */,
			);
			sourceTree = "<group>";
		};
		7FAADC8E15F6E4C3006A3322 /* Products */ = {
			isa = PBXGroup;
			children = (
				7FAADC8D15F6E4C3006A3322 /* Transform.app */,
			);
			name = Products;
			sourceTree = "<group>";
		};
		7FAADC9015F6E4C3006A3322 /* Frameworks */ = {
			isa = PBXGroup;
			children = (
				7FAADC9115F6E4C3006A3322 /* UIKit.framework */,
				7FAADC9315F6E4C3006A3322 /* Foundation.framework */,
				7FAADC9515F6E4C3006A3322 /* CoreGraphics.framework */,
			);
			name = Frameworks;
			sourceTree = "<group>";
		};
		7FAADC9715F6E4C3006A3322 /* Transform */ = {
			isa = PBXGroup;
			children = (
				7FAADCA015F6E4C3006A3322 /* EXPAppDelegate.h */,
				7FAADCA115F6E4C3006A3322 /* EXPAppDelegate.m */,
				7FAADC9815F6E4C3006A3322 /* Supporting Files */,
				7FAADCB115F6E5CA006A3322 /* EXPTransformViewController.h */,
				7FAADCB215F6E5CA006A3322 /* EXPTransformViewController.m */,
				7FAADCB315F6E5CA006A3322 /* EXPTransformViewController.xib */,
			);
			path = Transform;
			sourceTree = "<group>";
		};
		7FAADC9815F6E4C3006A3322 /* Supporting Files */ = {
			isa = PBXGroup;
			children = (
				7FAADC9915F6E4C3006A3322 /* Transform-Info.plist */,
				7FAADC9A15F6E4C3006A3322 /* InfoPlist.strings */,
				7FAADC9D15F6E4C3006A3322 /* main.m */,
				7FAADC9F15F6E4C3006A3322 /* Transform-Prefix.pch */,
			);
			name = "Supporting Files";
			sourceTree = "<group>";
		};
/* End PBXGroup section */

/* Begin PBXNativeTarget section */
		7FAADC8C15F6E4C3006A3322 /* Transform */ = {
			isa = PBXNativeTarget;
			buildConfigurationList = 7FAADCAE15F6E4C3006A3322 /* Build configuration list for PBXNativeTarget "Transform" */;
			buildPhases = (
				7FAADC8915F6E4C3006A3322 /* Sources */,
				7FAADC8A15F6E4C3006A3322 /* Frameworks */,
				7FAADC8B15F6E4C3006A3322 /* Resources */,
			);
			buildRules = (
			);
			dependencies = (
			);
			name = Transform;
			productName = Transform;
			productReference = 7FAADC8D15F6E4C3006A3322 /* Transform.app */;
			productType = "com.apple.product-type.application";
		};
/* End PBXNativeTarget section */

/* Begin PBXProject section */
		7FAADC8415F6E4C3006A3322 /* Project object */ = {
			isa = PBXProject;
			attributes = {
				CLASSPREFIX = EXP;
				LastUpgradeCheck = 0430;
			};
			buildConfigurationList = 7FAADC8715F6E4C3006A3322 /* Build configuration list for PBXProject "Transform" */;
			compatibilityVersion = "Xcode 3.2";
			developmentRegion = English;
			hasScannedForEncodings = 0;
			knownRegions = (
				en,
			);
			mainGroup = 7FAADC8215F6E4C3006A3322;
			productRefGroup = 7FAADC8E15F6E4C3006A3322 /* Products */;
			projectDirPath = "";
			projectRoot = "";
			targets = (
				7FAADC8C15F6E4C3006A3322 /* Transform */,
			);
		};
/* End PBXProject section */

/* Begin PBXResourcesBuildPhase section */
		7FAADC8B15F6E4C3006A3322 /* Resources */ = {
			isa = PBXResourcesBuildPhase;
			buildActionMask = 2147483647;
			files = (
				7FAADC9C15F6E4C3006A3322 /* InfoPlist.strings in Resources */,
				7FAADCB515F6E5CA006A3322 /* EXPTransformViewController.xib in Resources */,
			);
			runOnlyForDeploymentPostprocessing = 0;
		};
/* End PBXResourcesBuildPhase section */

/* Begin PBXSourcesBuildPhase section */
		7FAADC8915F6E4C3006A3322 /* Sources */ = {
			isa = PBXSourcesBuildPhase;
			buildActionMask = 2147483647;
			files = (
				7FAADC9E15F6E4C3006A3322 /* main.m in Sources */,
				7FAADCA215F6E4C3006A3322 /* EXPAppDelegate.m in Sources */,
				7FAADCB415F6E5CA006A3322 /* EXPTransformViewController.m in Sources */,
			);
			runOnlyForDeploymentPostprocessing = 0;
		};
/* End PBXSourcesBuildPhase section */

/* Begin PBXVariantGroup section */
		7FAADC9A15F6E4C3006A3322 /* InfoPlist.strings */ = {
			isa = PBXVariantGroup;
			children = (
				7FAADC9B15F6E4C3006A3322 /* en */,
			);
			name = InfoPlist.strings;
			sourceTree = "<group>";
		};
/* End PBXVariantGroup section */

/* Begin XCBuildConfiguration section */
		7FAADCAC15F6E4C3006A3322 /* Debug */ = {
			isa = XCBuildConfiguration;
			buildSettings = {
				ALWAYS_SEARCH_USER_PATHS = NO;
				ARCHS = "$(ARCHS_STANDARD_32_BIT)";
				CLANG_ENABLE_OBJC_ARC = YES;
				"CODE_SIGN_IDENTITY[sdk=iphoneos*]" = "iPhone Developer";
				COPY_PHASE_STRIP = NO;
				GCC_C_LANGUAGE_STANDARD = gnu99;
				GCC_DYNAMIC_NO_PIC = NO;
				GCC_OPTIMIZATION_LEVEL = 0;
				GCC_PREPROCESSOR_DEFINITIONS = (
					"DEBUG=1",
					"$(inherited)",
				);
				GCC_SYMBOLS_PRIVATE_EXTERN = NO;
				GCC_VERSION = com.apple.compilers.llvm.clang.1_0;
				GCC_WARN_ABOUT_RETURN_TYPE = YES;
				GCC_WARN_UNINITIALIZED_AUTOS = YES;
				GCC_WARN_UNUSED_VARIABLE = YES;
				IPHONEOS_DEPLOYMENT_TARGET = 4.3;
				SDKROOT = iphoneos;
				TARGETED_DEVICE_FAMILY = "1,2";
			};
			name = Debug;
		};
		7FAADCAD15F6E4C3006A3322 /* Release */ = {
			isa = XCBuildConfiguration;
			buildSettings = {
				ALWAYS_SEARCH_USER_PATHS = NO;
				ARCHS = "$(ARCHS_STANDARD_32_BIT)";
				CLANG_ENABLE_OBJC_ARC = YES;
				"CODE_SIGN_IDENTITY[sdk=iphoneos*]" = "iPhone Developer";
				COPY_PHASE_STRIP = YES;
				GCC_C_LANGUAGE_STANDARD = gnu99;
				GCC_VERSION = com.apple.compilers.llvm.clang.1_0;
				GCC_WARN_ABOUT_RETURN_TYPE = YES;
				GCC_WARN_UNINITIALIZED_AUTOS = YES;
				GCC_WARN_UNUSED_VARIABLE = YES;
				IPHONEOS_DEPLOYMENT_TARGET = 4.3;
				OTHER_CFLAGS = "-DNS_BLOCK_ASSERTIONS=1";
				SDKROOT = iphoneos;
				TARGETED_DEVICE_FAMILY = "1,2";
				VALIDATE_PRODUCT = YES;
			};
			name = Release;
		};
		7FAADCAF15F6E4C3006A3322 /* Debug */ = {
			isa = XCBuildConfiguration;
			buildSettings = {
				GCC_PRECOMPILE_PREFIX_HEADER = YES;
				GCC_PREFIX_HEADER = "Transform/Transform-Prefix.pch";
				INFOPLIST_FILE = "Transform/Transform-Info.plist";
				PRODUCT_NAME = "$(TARGET_NAME)";
				WRAPPER_EXTENSION = app;
			};
			name = Debug;
		};
		7FAADCB015F6E4C3006A3322 /* Release */ = {
			isa = XCBuildConfiguration;
			buildSettings = {
				GCC_PRECOMPILE_PREFIX_HEADER = YES;
				GCC_PREFIX_HEADER = "Transform/Transform-Prefix.pch";
				INFOPLIST_FILE = "Transform/Transform-Info.plist";
				PRODUCT_NAME = "$(TARGET_NAME)";
				WRAPPER_EXTENSION = app;
			};
			name = Release;
		};
/* End XCBuildConfiguration section */

/* Begin XCConfigurationList section */
		7FAADC8715F6E4C3006A3322 /* Build configuration list for PBXProject "Transform" */ = {
			isa = XCConfigurationList;
			buildConfigurations = (
				7FAADCAC15F6E4C3006A3322 /* Debug */,
				7FAADCAD15F6E4C3006A3322 /* Release */,
			);
			defaultConfigurationIsVisible = 0;
			defaultConfigurationName = Release;
		};
		7FAADCAE15F6E4C3006A3322 /* Build configuration list for PBXNativeTarget "Transform" */ = {
			isa = XCConfigurationList;
			buildConfigurations = (
				7FAADCAF15F6E4C3006A3322 /* Debug */,
				7FAADCB015F6E4C3006A3322 /* Release */,
			);
			defaultConfigurationIsVisible = 0;
		};
/* End XCConfigurationList section */
	};
	rootObject = 7FAADC8415F6E4C3006A3322 /* Project object */;
}
